
Microsoft Visual Studio Solution File, Format Version 12.00
# Visual Studio 14
VisualStudioVersion = 14.0.25123.0
MinimumVisualStudioVersion = 10.0.40219.1
Project("{888888A0-9F3D-457C-B088-3A5042F75D52}") = "Sofware-engineering-HW5", "Sofware-engineering-HW5.pyproj", "{5C233DB9-3BD2-4E6E-8197-7A7F07284112}"
EndProject
Global
	GlobalSection(SolutionConfigurationPlatforms) = preSolution
		Debug|Any CPU = Debug|Any CPU
		Release|Any CPU = Release|Any CPU
	EndGlobalSection
	GlobalSection(ProjectConfigurationPlatforms) = postSolution
		{5C233DB9-3BD2-4E6E-8197-7A7F07284112}.Debug|Any CPU.ActiveCfg = Debug|Any CPU
		{5C233DB9-3BD2-4E6E-8197-7A7F07284112}.Release|Any CPU.ActiveCfg = Release|Any CPU
	EndGlobalSection
	GlobalSection(SolutionProperties) = preSolution
		HideSolutionNode = FALSE
	EndGlobalSection
EndGlobal
